{
  "object": {
    "pins": [
      {
        "package": "Files",
        "repositoryURL": "https://github.com/JohnSundell/Files.git",
        "state": {
          "branch": null,
          "revision": "d273b5b7025d386feef79ef6bad7de762e106eaf",
          "version": "4.2.0"
        }
      },
      {
        "package": "Ink",
        "repositoryURL": "https://github.com/adam-fowler/Ink.git",
        "state": {
          "branch": null,
          "revision": "8b36d2d9ac149a59b9acc6a0641750d2a10ac14e",
          "version": "0.2.2"
        }
      },
      {
        "package": "parsing",
        "repositoryURL": "https://github.com/adam-fowler/parsing.git",
        "state": {
          "branch": null,
          "revision": "9621a16900039b9ecbca3a92120d25a7f6bb5e9e",
          "version": "0.3.0"
        }
      },
      {
        "package": "Plot",
        "repositoryURL": "https://github.com/JohnSundell/Plot.git",
        "state": {
          "branch": null,
          "revision": "271926b4413fe868739d99f5eadcf2bd6cd62fb8",
          "version": "0.14.0"
        }
      }
    ]
  },
  "version": 1
}
